// !$*UTF8*$!
{
	archiveVersion = 1;
	classes = {
	};
	objectVersion = 77;
	objects = {

/* Begin PBXBuildFile section */
		00A5BEDC14A350BDE2B2067A /* Theme.swift in Sources */ = {isa = PBXBuildFile; fileRef = 9116D291352DD94BE647DB15 /* Theme.swift */; };
		06F2D3E145B798C680888431 /* ComposeView.swift in Sources */ = {isa = PBXBuildFile; fileRef = 7BEFAF07C21753839CBCCE3B /* ComposeView.swift */; };
		0D80918BB18839234016FE8F /* GratitudeService.swift in Sources */ = {isa = PBXBuildFile; fileRef = 0DCB2AE995D2A0DA927AC5FA /* GratitudeService.swift */; };
		1270F1BD0C045C14DAA390AE /* GratitudeDetailView.swift in Sources */ = {isa = PBXBuildFile; fileRef = 6A3492D63FD0502A5AC53E13 /* GratitudeDetailView.swift */; };
		13A9A1131E403CDA97FEF7E4 /* AppreciationAI.swift in Sources */ = {isa = PBXBuildFile; fileRef = DDF0B8419C73344E25E0B52C /* AppreciationAI.swift */; };
		2AA3482072E822D921E27B77 /* MainTabView.swift in Sources */ = {isa = PBXBuildFile; fileRef = 6386C42954F7E470B63181A1 /* MainTabView.swift */; };
		3941394E94699B39AF29657B /* ProfileView.swift in Sources */ = {isa = PBXBuildFile; fileRef = FBC66F6DEC8D77591C146DA7 /* ProfileView.swift */; };
		4F58BD3C4A545441F523C7A3 /* WelcomeView.swift in Sources */ = {isa = PBXBuildFile; fileRef = 9E451C434563DD8702080E34 /* WelcomeView.swift */; };
		56506689AF631BE7CC80CA89 /* OpenThanksApp.swift in Sources */ = {isa = PBXBuildFile; fileRef = B1F9A37795D03FC5F062DB43 /* OpenThanksApp.swift */; };
		5D6F0A9B3DDAA47A5140B983 /* PendingShareSheet.swift in Sources */ = {isa = PBXBuildFile; fileRef = D29750C4393F4810682B3BE0 /* PendingShareSheet.swift */; };
		7744285F382417A1C7007F97 /* NotificationService.swift in Sources */ = {isa = PBXBuildFile; fileRef = 475B3E155C6168A97BD17C48 /* NotificationService.swift */; };
		7BEC6CB3C084D4D7F0627D17 /* ClaimAppreciationView.swift in Sources */ = {isa = PBXBuildFile; fileRef = 00A8D2450B91723A8252B49E /* ClaimAppreciationView.swift */; };
		8F58135D57989CF95689F8B7 /* AppNavigation.swift in Sources */ = {isa = PBXBuildFile; fileRef = 96F3FD90C322331B012FD48F /* AppNavigation.swift */; };
		945528A94EF7AE2F469AA0ED /* OneTimeCodeField.swift in Sources */ = {isa = PBXBuildFile; fileRef = 2AA4C588F44EBB34A7E61FF5 /* OneTimeCodeField.swift */; };
		985D66E76E069167F1534690 /* SettingsView.swift in Sources */ = {isa = PBXBuildFile; fileRef = A24196DBDF1449EB46FBF5DD /* SettingsView.swift */; };
		AF088828E1B25331AD362C85 /* NotificationPermissionView.swift in Sources */ = {isa = PBXBuildFile; fileRef = 50A007648B028C626C69ADFB /* NotificationPermissionView.swift */; };
		B0DAC52F046E4E83AEF1BEAE /* NotificationsView.swift in Sources */ = {isa = PBXBuildFile; fileRef = A7100E64F1ACD16964F60A63 /* NotificationsView.swift */; };
		B433078D184312A101ECA432 /* Assets.xcassets in Resources */ = {isa = PBXBuildFile; fileRef = 1BCD3D6D4207C94DE001B284 /* Assets.xcassets */; };
		B9C2C7DCFAA6309EC4401A8D /* AppConfig.swift in Sources */ = {isa = PBXBuildFile; fileRef = 167153BE2EE275F81D5D2A05 /* AppConfig.swift */; };
		BA2832EB5B6A267BD075CC36 /* AuthService.swift in Sources */ = {isa = PBXBuildFile; fileRef = 1EC0A8CDE94660605C46C812 /* AuthService.swift */; };
		C1613A2F9762244F93A26E92 /* DeepLinkRouter.swift in Sources */ = {isa = PBXBuildFile; fileRef = 00F561A026BBE6DAD23D84D0 /* DeepLinkRouter.swift */; };
		C7431EDF0E163E8BFF5F9407 /* AcceptPendingCard.swift in Sources */ = {isa = PBXBuildFile; fileRef = 93C5038208573746C9F0E519 /* AcceptPendingCard.swift */; };
		C8DB929803C920F0E53E0682 /* Supabase in Frameworks */ = {isa = PBXBuildFile; productRef = 0320D5FF717E6D107693552A /* Supabase */; };
		DF5DD2D1A0CF2C9B30E53033 /* DeepLinkHost.swift in Sources */ = {isa = PBXBuildFile; fileRef = BC01642D5FB1EED4111326D0 /* DeepLinkHost.swift */; };
		E9EFDB213E0080038BFA6521 /* ImageCropper.swift in Sources */ = {isa = PBXBuildFile; fileRef = D9628F5BDA34EFFD33F1EF47 /* ImageCropper.swift */; };
		EAE349779D065F689C57F713 /* FlexiblePostImage.swift in Sources */ = {isa = PBXBuildFile; fileRef = 9CD34FF448658DFA768C1A14 /* FlexiblePostImage.swift */; };
		ED6CBED0D9F83C3794342573 /* Models.swift in Sources */ = {isa = PBXBuildFile; fileRef = 7180CB985A04524939619A0F /* Models.swift */; };
		F0DEEBB646DB5DEC2C7ABFC2 /* OnboardingView.swift in Sources */ = {isa = PBXBuildFile; fileRef = A25AD150B863DF00ABC41E23 /* OnboardingView.swift */; };
		F0F8EE4AF554052A82ABEE04 /* FeedView.swift in Sources */ = {isa = PBXBuildFile; fileRef = F41CEF2962FB940913427807 /* FeedView.swift */; };
/* End PBXBuildFile section */

/* Begin PBXFileReference section */
		00A8D2450B91723A8252B49E /* ClaimAppreciationView.swift */ = {isa = PBXFileReference; lastKnownFileType = sourcecode.swift; path = ClaimAppreciationView.swift; sourceTree = "<group>"; };
		00F561A026BBE6DAD23D84D0 /* DeepLinkRouter.swift */ = {isa = PBXFileReference; lastKnownFileType = sourcecode.swift; path = DeepLinkRouter.swift; sourceTree = "<group>"; };
		0DCB2AE995D2A0DA927AC5FA /* GratitudeService.swift */ = {isa = PBXFileReference; lastKnownFileType = sourcecode.swift; path = GratitudeService.swift; sourceTree = "<group>"; };
		167153BE2EE275F81D5D2A05 /* AppConfig.swift */ = {isa = PBXFileReference; lastKnownFileType = sourcecode.swift; path = AppConfig.swift; sourceTree = "<group>"; };
		1BCD3D6D4207C94DE001B284 /* Assets.xcassets */ = {isa = PBXFileReference; lastKnownFileType = folder.assetcatalog; path = Assets.xcassets; sourceTree = "<group>"; };
		1EC0A8CDE94660605C46C812 /* AuthService.swift */ = {isa = PBXFileReference; lastKnownFileType = sourcecode.swift; path = AuthService.swift; sourceTree = "<group>"; };
		2AA4C588F44EBB34A7E61FF5 /* OneTimeCodeField.swift */ = {isa = PBXFileReference; lastKnownFileType = sourcecode.swift; path = OneTimeCodeField.swift; sourceTree = "<group>"; };
		475B3E155C6168A97BD17C48 /* NotificationService.swift */ = {isa = PBXFileReference; lastKnownFileType = sourcecode.swift; path = NotificationService.swift; sourceTree = "<group>"; };
		50A007648B028C626C69ADFB /* NotificationPermissionView.swift */ = {isa = PBXFileReference; lastKnownFileType = sourcecode.swift; path = NotificationPermissionView.swift; sourceTree = "<group>"; };
		6386C42954F7E470B63181A1 /* MainTabView.swift */ = {isa = PBXFileReference; lastKnownFileType = sourcecode.swift; path = MainTabView.swift; sourceTree = "<group>"; };
		6A3492D63FD0502A5AC53E13 /* GratitudeDetailView.swift */ = {isa = PBXFileReference; lastKnownFileType = sourcecode.swift; path = GratitudeDetailView.swift; sourceTree = "<group>"; };
		7180CB985A04524939619A0F /* Models.swift */ = {isa = PBXFileReference; lastKnownFileType = sourcecode.swift; path = Models.swift; sourceTree = "<group>"; };
		7BEFAF07C21753839CBCCE3B /* ComposeView.swift */ = {isa = PBXFileReference; lastKnownFileType = sourcecode.swift; path = ComposeView.swift; sourceTree = "<group>"; };
		85B4CF870C280FA94F05D8B8 /* OpenThanks.entitlements */ = {isa = PBXFileReference; lastKnownFileType = text.plist.entitlements; path = OpenThanks.entitlements; sourceTree = "<group>"; };
		9116D291352DD94BE647DB15 /* Theme.swift */ = {isa = PBXFileReference; lastKnownFileType = sourcecode.swift; path = Theme.swift; sourceTree = "<group>"; };
		93C5038208573746C9F0E519 /* AcceptPendingCard.swift */ = {isa = PBXFileReference; lastKnownFileType = sourcecode.swift; path = AcceptPendingCard.swift; sourceTree = "<group>"; };
		96F3FD90C322331B012FD48F /* AppNavigation.swift */ = {isa = PBXFileReference; lastKnownFileType = sourcecode.swift; path = AppNavigation.swift; sourceTree = "<group>"; };
		9CD34FF448658DFA768C1A14 /* FlexiblePostImage.swift */ = {isa = PBXFileReference; lastKnownFileType = sourcecode.swift; path = FlexiblePostImage.swift; sourceTree = "<group>"; };
		9E451C434563DD8702080E34 /* WelcomeView.swift */ = {isa = PBXFileReference; lastKnownFileType = sourcecode.swift; path = WelcomeView.swift; sourceTree = "<group>"; };
		A24196DBDF1449EB46FBF5DD /* SettingsView.swift */ = {isa = PBXFileReference; lastKnownFileType = sourcecode.swift; path = SettingsView.swift; sourceTree = "<group>"; };
		A25AD150B863DF00ABC41E23 /* OnboardingView.swift */ = {isa = PBXFileReference; lastKnownFileType = sourcecode.swift; path = OnboardingView.swift; sourceTree = "<group>"; };
		A7100E64F1ACD16964F60A63 /* NotificationsView.swift */ = {isa = PBXFileReference; lastKnownFileType = sourcecode.swift; path = NotificationsView.swift; sourceTree = "<group>"; };
		B1F9A37795D03FC5F062DB43 /* OpenThanksApp.swift */ = {isa = PBXFileReference; lastKnownFileType = sourcecode.swift; path = OpenThanksApp.swift; sourceTree = "<group>"; };
		BC01642D5FB1EED4111326D0 /* DeepLinkHost.swift */ = {isa = PBXFileReference; lastKnownFileType = sourcecode.swift; path = DeepLinkHost.swift; sourceTree = "<group>"; };
		C7684C625234ED38D76E9335 /* Info.plist */ = {isa = PBXFileReference; lastKnownFileType = text.plist; path = Info.plist; sourceTree = "<group>"; };
		D29750C4393F4810682B3BE0 /* PendingShareSheet.swift */ = {isa = PBXFileReference; lastKnownFileType = sourcecode.swift; path = PendingShareSheet.swift; sourceTree = "<group>"; };
		D9628F5BDA34EFFD33F1EF47 /* ImageCropper.swift */ = {isa = PBXFileReference; lastKnownFileType = sourcecode.swift; path = ImageCropper.swift; sourceTree = "<group>"; };
		DDF0B8419C73344E25E0B52C /* AppreciationAI.swift */ = {isa = PBXFileReference; lastKnownFileType = sourcecode.swift; path = AppreciationAI.swift; sourceTree = "<group>"; };
		EE58C9232B92D8AAD5346A26 /* OpenThanks.app */ = {isa = PBXFileReference; includeInIndex = 0; lastKnownFileType = wrapper.application; path = OpenThanks.app; sourceTree = BUILT_PRODUCTS_DIR; };
		F41CEF2962FB940913427807 /* FeedView.swift */ = {isa = PBXFileReference; lastKnownFileType = sourcecode.swift; path = FeedView.swift; sourceTree = "<group>"; };
		FBC66F6DEC8D77591C146DA7 /* ProfileView.swift */ = {isa = PBXFileReference; lastKnownFileType = sourcecode.swift; path = ProfileView.swift; sourceTree = "<group>"; };
/* End PBXFileReference section */

/* Begin PBXFrameworksBuildPhase section */
		B4331C10CA4C5D77645FF4AB /* Frameworks */ = {
			isa = PBXFrameworksBuildPhase;
			buildActionMask = 2147483647;
			files = (
				C8DB929803C920F0E53E0682 /* Supabase in Frameworks */,
			);
			runOnlyForDeploymentPostprocessing = 0;
		};
/* End PBXFrameworksBuildPhase section */

/* Begin PBXGroup section */
		0266B4060DBAC4AE830B52D4 /* Feed */ = {
			isa = PBXGroup;
			children = (
				93C5038208573746C9F0E519 /* AcceptPendingCard.swift */,
				F41CEF2962FB940913427807 /* FeedView.swift */,
			);
			path = Feed;
			sourceTree = "<group>";
		};
		12E0C031F8678221EDC7000E /* Services */ = {
			isa = PBXGroup;
			children = (
				DDF0B8419C73344E25E0B52C /* AppreciationAI.swift */,
				1EC0A8CDE94660605C46C812 /* AuthService.swift */,
				00F561A026BBE6DAD23D84D0 /* DeepLinkRouter.swift */,
				0DCB2AE995D2A0DA927AC5FA /* GratitudeService.swift */,
				475B3E155C6168A97BD17C48 /* NotificationService.swift */,
			);
			path = Services;
			sourceTree = "<group>";
		};
		23AE4C831C6259FB68C13ED0 /* Gratitude */ = {
			isa = PBXGroup;
			children = (
				6A3492D63FD0502A5AC53E13 /* GratitudeDetailView.swift */,
			);
			path = Gratitude;
			sourceTree = "<group>";
		};
		473A987E8ECF1A6B6E8E6481 /* Auth */ = {
			isa = PBXGroup;
			children = (
				50A007648B028C626C69ADFB /* NotificationPermissionView.swift */,
				A25AD150B863DF00ABC41E23 /* OnboardingView.swift */,
				2AA4C588F44EBB34A7E61FF5 /* OneTimeCodeField.swift */,
				9E451C434563DD8702080E34 /* WelcomeView.swift */,
			);
			path = Auth;
			sourceTree = "<group>";
		};
		81B7B250918B7F5F9E165BAD /* Profile */ = {
			isa = PBXGroup;
			children = (
				FBC66F6DEC8D77591C146DA7 /* ProfileView.swift */,
			);
			path = Profile;
			sourceTree = "<group>";
		};
		9DD084D79F8CF095155FE082 /* Products */ = {
			isa = PBXGroup;
			children = (
				EE58C9232B92D8AAD5346A26 /* OpenThanks.app */,
			);
			name = Products;
			sourceTree = "<group>";
		};
		9ECA3A8A365EFD9885DD0954 /* OpenThanks */ = {
			isa = PBXGroup;
			children = (
				1BCD3D6D4207C94DE001B284 /* Assets.xcassets */,
				C7684C625234ED38D76E9335 /* Info.plist */,
				85B4CF870C280FA94F05D8B8 /* OpenThanks.entitlements */,
				B1F9A37795D03FC5F062DB43 /* OpenThanksApp.swift */,
				B9DB8A28DEB86DB244502DDD /* Config */,
				D02CD3D9D9ED3B5D243A248F /* Models */,
				12E0C031F8678221EDC7000E /* Services */,
				CD3F2DFF90CB8C34C4119C55 /* Theme */,
				E361273430B454C9E7041481 /* Views */,
			);
			path = OpenThanks;
			sourceTree = "<group>";
		};
		A28C714A1A564C3D49D13DF0 /* Compose */ = {
			isa = PBXGroup;
			children = (
				7BEFAF07C21753839CBCCE3B /* ComposeView.swift */,
				D9628F5BDA34EFFD33F1EF47 /* ImageCropper.swift */,
			);
			path = Compose;
			sourceTree = "<group>";
		};
		A29D4226E14E551D09C6B8DD = {
			isa = PBXGroup;
			children = (
				9ECA3A8A365EFD9885DD0954 /* OpenThanks */,
				9DD084D79F8CF095155FE082 /* Products */,
			);
			sourceTree = "<group>";
		};
		A76EEDEF21BFB3C58E73E465 /* Shared */ = {
			isa = PBXGroup;
			children = (
				96F3FD90C322331B012FD48F /* AppNavigation.swift */,
				BC01642D5FB1EED4111326D0 /* DeepLinkHost.swift */,
				9CD34FF448658DFA768C1A14 /* FlexiblePostImage.swift */,
			);
			path = Shared;
			sourceTree = "<group>";
		};
		B1D90A4D685E6E83ADDB008B /* Settings */ = {
			isa = PBXGroup;
			children = (
				D29750C4393F4810682B3BE0 /* PendingShareSheet.swift */,
				A24196DBDF1449EB46FBF5DD /* SettingsView.swift */,
			);
			path = Settings;
			sourceTree = "<group>";
		};
		B9DB8A28DEB86DB244502DDD /* Config */ = {
			isa = PBXGroup;
			children = (
				167153BE2EE275F81D5D2A05 /* AppConfig.swift */,
			);
			path = Config;
			sourceTree = "<group>";
		};
		CD3F2DFF90CB8C34C4119C55 /* Theme */ = {
			isa = PBXGroup;
			children = (
				9116D291352DD94BE647DB15 /* Theme.swift */,
			);
			path = Theme;
			sourceTree = "<group>";
		};
		D02CD3D9D9ED3B5D243A248F /* Models */ = {
			isa = PBXGroup;
			children = (
				7180CB985A04524939619A0F /* Models.swift */,
			);
			path = Models;
			sourceTree = "<group>";
		};
		D44EEA79D1212DB973FB00D0 /* Notifications */ = {
			isa = PBXGroup;
			children = (
				A7100E64F1ACD16964F60A63 /* NotificationsView.swift */,
			);
			path = Notifications;
			sourceTree = "<group>";
		};
		E361273430B454C9E7041481 /* Views */ = {
			isa = PBXGroup;
			children = (
				6386C42954F7E470B63181A1 /* MainTabView.swift */,
				473A987E8ECF1A6B6E8E6481 /* Auth */,
				F523A369CE59AC9ED049F072 /* Claim */,
				A28C714A1A564C3D49D13DF0 /* Compose */,
				0266B4060DBAC4AE830B52D4 /* Feed */,
				23AE4C831C6259FB68C13ED0 /* Gratitude */,
				D44EEA79D1212DB973FB00D0 /* Notifications */,
				81B7B250918B7F5F9E165BAD /* Profile */,
				B1D90A4D685E6E83ADDB008B /* Settings */,
				A76EEDEF21BFB3C58E73E465 /* Shared */,
			);
			path = Views;
			sourceTree = "<group>";
		};
		F523A369CE59AC9ED049F072 /* Claim */ = {
			isa = PBXGroup;
			children = (
				00A8D2450B91723A8252B49E /* ClaimAppreciationView.swift */,
			);
			path = Claim;
			sourceTree = "<group>";
		};
/* End PBXGroup section */

/* Begin PBXNativeTarget section */
		73C4A89C152CCB91D002DA95 /* OpenThanks */ = {
			isa = PBXNativeTarget;
			buildConfigurationList = 8CAFC3BED4225D66A16B635C /* Build configuration list for PBXNativeTarget "OpenThanks" */;
			buildPhases = (
				273419D1B76E3E9B8552DF52 /* Sources */,
				BB389B8778AA36F1078C043E /* Resources */,
				B4331C10CA4C5D77645FF4AB /* Frameworks */,
			);
			buildRules = (
			);
			dependencies = (
			);
			name = OpenThanks;
			packageProductDependencies = (
				0320D5FF717E6D107693552A /* Supabase */,
			);
			productName = OpenThanks;
			productReference = EE58C9232B92D8AAD5346A26 /* OpenThanks.app */;
			productType = "com.apple.product-type.application";
		};
/* End PBXNativeTarget section */

/* Begin PBXProject section */
		B87AECB34BE7AF44D6D91170 /* Project object */ = {
			isa = PBXProject;
			attributes = {
				BuildIndependentTargetsInParallel = YES;
				LastUpgradeCheck = 1430;
				TargetAttributes = {
					73C4A89C152CCB91D002DA95 = {
						DevelopmentTeam = 53CL59ATX8;
						ProvisioningStyle = Automatic;
					};
				};
			};
			buildConfigurationList = AE2B90E01B5E9AA9E3147EB1 /* Build configuration list for PBXProject "OpenThanks" */;
			developmentRegion = en;
			hasScannedForEncodings = 0;
			knownRegions = (
				Base,
				en,
			);
			mainGroup = A29D4226E14E551D09C6B8DD;
			minimizedProjectReferenceProxies = 1;
			packageReferences = (
				CDBDCC94DD709CAA83FE1332 /* XCRemoteSwiftPackageReference "supabase-swift" */,
			);
			preferredProjectObjectVersion = 77;
			productRefGroup = 9DD084D79F8CF095155FE082 /* Products */;
			projectDirPath = "";
			projectRoot = "";
			targets = (
				73C4A89C152CCB91D002DA95 /* OpenThanks */,
			);
		};
/* End PBXProject section */

/* Begin PBXResourcesBuildPhase section */
		BB389B8778AA36F1078C043E /* Resources */ = {
			isa = PBXResourcesBuildPhase;
			buildActionMask = 2147483647;
			files = (
				B433078D184312A101ECA432 /* Assets.xcassets in Resources */,
			);
			runOnlyForDeploymentPostprocessing = 0;
		};
/* End PBXResourcesBuildPhase section */

/* Begin PBXSourcesBuildPhase section */
		273419D1B76E3E9B8552DF52 /* Sources */ = {
			isa = PBXSourcesBuildPhase;
			buildActionMask = 2147483647;
			files = (
				C7431EDF0E163E8BFF5F9407 /* AcceptPendingCard.swift in Sources */,
				B9C2C7DCFAA6309EC4401A8D /* AppConfig.swift in Sources */,
				8F58135D57989CF95689F8B7 /* AppNavigation.swift in Sources */,
				13A9A1131E403CDA97FEF7E4 /* AppreciationAI.swift in Sources */,
				BA2832EB5B6A267BD075CC36 /* AuthService.swift in Sources */,
				7BEC6CB3C084D4D7F0627D17 /* ClaimAppreciationView.swift in Sources */,
				06F2D3E145B798C680888431 /* ComposeView.swift in Sources */,
				DF5DD2D1A0CF2C9B30E53033 /* DeepLinkHost.swift in Sources */,
				C1613A2F9762244F93A26E92 /* DeepLinkRouter.swift in Sources */,
				F0F8EE4AF554052A82ABEE04 /* FeedView.swift in Sources */,
				EAE349779D065F689C57F713 /* FlexiblePostImage.swift in Sources */,
				1270F1BD0C045C14DAA390AE /* GratitudeDetailView.swift in Sources */,
				0D80918BB18839234016FE8F /* GratitudeService.swift in Sources */,
				E9EFDB213E0080038BFA6521 /* ImageCropper.swift in Sources */,
				2AA3482072E822D921E27B77 /* MainTabView.swift in Sources */,
				ED6CBED0D9F83C3794342573 /* Models.swift in Sources */,
				AF088828E1B25331AD362C85 /* NotificationPermissionView.swift in Sources */,
				7744285F382417A1C7007F97 /* NotificationService.swift in Sources */,
				B0DAC52F046E4E83AEF1BEAE /* NotificationsView.swift in Sources */,
				F0DEEBB646DB5DEC2C7ABFC2 /* OnboardingView.swift in Sources */,
				945528A94EF7AE2F469AA0ED /* OneTimeCodeField.swift in Sources */,
				56506689AF631BE7CC80CA89 /* OpenThanksApp.swift in Sources */,
				5D6F0A9B3DDAA47A5140B983 /* PendingShareSheet.swift in Sources */,
				3941394E94699B39AF29657B /* ProfileView.swift in Sources */,
				985D66E76E069167F1534690 /* SettingsView.swift in Sources */,
				00A5BEDC14A350BDE2B2067A /* Theme.swift in Sources */,
				4F58BD3C4A545441F523C7A3 /* WelcomeView.swift in Sources */,
			);
			runOnlyForDeploymentPostprocessing = 0;
		};
/* End PBXSourcesBuildPhase section */

/* Begin XCBuildConfiguration section */
		12C34D3D92F167E584E618E9 /* Release */ = {
			isa = XCBuildConfiguration;
			buildSettings = {
				ASSETCATALOG_COMPILER_APPICON_NAME = AppIcon;
				ASSETCATALOG_COMPILER_GLOBAL_ACCENT_COLOR_NAME = AccentColor;
				CODE_SIGN_ENTITLEMENTS = OpenThanks/OpenThanks.entitlements;
				CODE_SIGN_IDENTITY = "iPhone Developer";
				CODE_SIGN_STYLE = Automatic;
				CURRENT_PROJECT_VERSION = 7;
				DEVELOPMENT_TEAM = 53CL59ATX8;
				INFOPLIST_FILE = OpenThanks/Info.plist;
				LD_RUNPATH_SEARCH_PATHS = (
					"$(inherited)",
					"@executable_path/Frameworks",
				);
				MARKETING_VERSION = 1.0.2;
				PRODUCT_BUNDLE_IDENTIFIER = com.openthanks.app;
				SDKROOT = iphoneos;
				TARGETED_DEVICE_FAMILY = 1;
			};
			name = Release;
		};
		1BD1FA26BA99C9A5133B77FB /* Debug */ = {
			isa = XCBuildConfiguration;
			buildSettings = {
				ALWAYS_SEARCH_USER_PATHS = NO;
				CLANG_ANALYZER_NONNULL = YES;
				CLANG_ANALYZER_NUMBER_OBJECT_CONVERSION = YES_AGGRESSIVE;
				CLANG_CXX_LANGUAGE_STANDARD = "gnu++14";
				CLANG_CXX_LIBRARY = "libc++";
				CLANG_ENABLE_MODULES = YES;
				CLANG_ENABLE_OBJC_ARC = YES;
				CLANG_ENABLE_OBJC_WEAK = YES;
				CLANG_WARN_BLOCK_CAPTURE_AUTORELEASING = YES;
				CLANG_WARN_BOOL_CONVERSION = YES;
				CLANG_WARN_COMMA = YES;
				CLANG_WARN_CONSTANT_CONVERSION = YES;
				CLANG_WARN_DEPRECATED_OBJC_IMPLEMENTATIONS = YES;
				CLANG_WARN_DIRECT_OBJC_ISA_USAGE = YES_ERROR;
				CLANG_WARN_DOCUMENTATION_COMMENTS = YES;
				CLANG_WARN_EMPTY_BODY = YES;
				CLANG_WARN_ENUM_CONVERSION = YES;
				CLANG_WARN_INFINITE_RECURSION = YES;
				CLANG_WARN_INT_CONVERSION = YES;
				CLANG_WARN_NON_LITERAL_NULL_CONVERSION = YES;
				CLANG_WARN_OBJC_IMPLICIT_RETAIN_SELF = YES;
				CLANG_WARN_OBJC_LITERAL_CONVERSION = YES;
				CLANG_WARN_OBJC_ROOT_CLASS = YES_ERROR;
				CLANG_WARN_QUOTED_INCLUDE_IN_FRAMEWORK_HEADER = YES;
				CLANG_WARN_RANGE_LOOP_ANALYSIS = YES;
				CLANG_WARN_STRICT_PROTOTYPES = YES;
				CLANG_WARN_SUSPICIOUS_MOVE = YES;
				CLANG_WARN_UNGUARDED_AVAILABILITY = YES_AGGRESSIVE;
				CLANG_WARN_UNREACHABLE_CODE = YES;
				CLANG_WARN__DUPLICATE_METHOD_MATCH = YES;
				COPY_PHASE_STRIP = NO;
				DEBUG_INFORMATION_FORMAT = dwarf;
				ENABLE_STRICT_OBJC_MSGSEND = YES;
				ENABLE_TESTABILITY = YES;
				GCC_C_LANGUAGE_STANDARD = gnu11;
				GCC_DYNAMIC_NO_PIC = NO;
				GCC_NO_COMMON_BLOCKS = YES;
				GCC_OPTIMIZATION_LEVEL = 0;
				GCC_PREPROCESSOR_DEFINITIONS = (
					"$(inherited)",
					"DEBUG=1",
				);
				GCC_WARN_64_TO_32_BIT_CONVERSION = YES;
				GCC_WARN_ABOUT_RETURN_TYPE = YES_ERROR;
				GCC_WARN_UNDECLARED_SELECTOR = YES;
				GCC_WARN_UNINITIALIZED_AUTOS = YES_AGGRESSIVE;
				GCC_WARN_UNUSED_FUNCTION = YES;
				GCC_WARN_UNUSED_VARIABLE = YES;
				IPHONEOS_DEPLOYMENT_TARGET = 17.0;
				MTL_ENABLE_DEBUG_INFO = INCLUDE_SOURCE;
				MTL_FAST_MATH = YES;
				ONLY_ACTIVE_ARCH = YES;
				PRODUCT_NAME = "$(TARGET_NAME)";
				SDKROOT = iphoneos;
				SWIFT_ACTIVE_COMPILATION_CONDITIONS = DEBUG;
				SWIFT_OPTIMIZATION_LEVEL = "-Onone";
				SWIFT_VERSION = 5.0;
			};
			name = Debug;
		};
		AD1C54D2DBA8D51F4EB005EB /* Debug */ = {
			isa = XCBuildConfiguration;
			buildSettings = {
				ASSETCATALOG_COMPILER_APPICON_NAME = AppIcon;
				ASSETCATALOG_COMPILER_GLOBAL_ACCENT_COLOR_NAME = AccentColor;
				CODE_SIGN_ENTITLEMENTS = OpenThanks/OpenThanks.entitlements;
				CODE_SIGN_IDENTITY = "iPhone Developer";
				CODE_SIGN_STYLE = Automatic;
				CURRENT_PROJECT_VERSION = 7;
				DEVELOPMENT_TEAM = 53CL59ATX8;
				INFOPLIST_FILE = OpenThanks/Info.plist;
				LD_RUNPATH_SEARCH_PATHS = (
					"$(inherited)",
					"@executable_path/Frameworks",
				);
				MARKETING_VERSION = 1.0.2;
				PRODUCT_BUNDLE_IDENTIFIER = com.openthanks.app;
				SDKROOT = iphoneos;
				TARGETED_DEVICE_FAMILY = 1;
			};
			name = Debug;
		};
		E6D75DCA2F9879785BADA2C4 /* Release */ = {
			isa = XCBuildConfiguration;
			buildSettings = {
				ALWAYS_SEARCH_USER_PATHS = NO;
				CLANG_ANALYZER_NONNULL = YES;
				CLANG_ANALYZER_NUMBER_OBJECT_CONVERSION = YES_AGGRESSIVE;
				CLANG_CXX_LANGUAGE_STANDARD = "gnu++14";
				CLANG_CXX_LIBRARY = "libc++";
				CLANG_ENABLE_MODULES = YES;
				CLANG_ENABLE_OBJC_ARC = YES;
				CLANG_ENABLE_OBJC_WEAK = YES;
				CLANG_WARN_BLOCK_CAPTURE_AUTORELEASING = YES;
				CLANG_WARN_BOOL_CONVERSION = YES;
				CLANG_WARN_COMMA = YES;
				CLANG_WARN_CONSTANT_CONVERSION = YES;
				CLANG_WARN_DEPRECATED_OBJC_IMPLEMENTATIONS = YES;
				CLANG_WARN_DIRECT_OBJC_ISA_USAGE = YES_ERROR;
				CLANG_WARN_DOCUMENTATION_COMMENTS = YES;
				CLANG_WARN_EMPTY_BODY = YES;
				CLANG_WARN_ENUM_CONVERSION = YES;
				CLANG_WARN_INFINITE_RECURSION = YES;
				CLANG_WARN_INT_CONVERSION = YES;
				CLANG_WARN_NON_LITERAL_NULL_CONVERSION = YES;
				CLANG_WARN_OBJC_IMPLICIT_RETAIN_SELF = YES;
				CLANG_WARN_OBJC_LITERAL_CONVERSION = YES;
				CLANG_WARN_OBJC_ROOT_CLASS = YES_ERROR;
				CLANG_WARN_QUOTED_INCLUDE_IN_FRAMEWORK_HEADER = YES;
				CLANG_WARN_RANGE_LOOP_ANALYSIS = YES;
				CLANG_WARN_STRICT_PROTOTYPES = YES;
				CLANG_WARN_SUSPICIOUS_MOVE = YES;
				CLANG_WARN_UNGUARDED_AVAILABILITY = YES_AGGRESSIVE;
				CLANG_WARN_UNREACHABLE_CODE = YES;
				CLANG_WARN__DUPLICATE_METHOD_MATCH = YES;
				COPY_PHASE_STRIP = NO;
				DEBUG_INFORMATION_FORMAT = "dwarf-with-dsym";
				ENABLE_NS_ASSERTIONS = NO;
				ENABLE_STRICT_OBJC_MSGSEND = YES;
				GCC_C_LANGUAGE_STANDARD = gnu11;
				GCC_NO_COMMON_BLOCKS = YES;
				GCC_WARN_64_TO_32_BIT_CONVERSION = YES;
				GCC_WARN_ABOUT_RETURN_TYPE = YES_ERROR;
				GCC_WARN_UNDECLARED_SELECTOR = YES;
				GCC_WARN_UNINITIALIZED_AUTOS = YES_AGGRESSIVE;
				GCC_WARN_UNUSED_FUNCTION = YES;
				GCC_WARN_UNUSED_VARIABLE = YES;
				IPHONEOS_DEPLOYMENT_TARGET = 17.0;
				MTL_ENABLE_DEBUG_INFO = NO;
				MTL_FAST_MATH = YES;
				PRODUCT_NAME = "$(TARGET_NAME)";
				SDKROOT = iphoneos;
				SWIFT_COMPILATION_MODE = wholemodule;
				SWIFT_OPTIMIZATION_LEVEL = "-O";
				SWIFT_VERSION = 5.0;
			};
			name = Release;
		};
/* End XCBuildConfiguration section */

/* Begin XCConfigurationList section */
		8CAFC3BED4225D66A16B635C /* Build configuration list for PBXNativeTarget "OpenThanks" */ = {
			isa = XCConfigurationList;
			buildConfigurations = (
				AD1C54D2DBA8D51F4EB005EB /* Debug */,
				12C34D3D92F167E584E618E9 /* Release */,
			);
			defaultConfigurationIsVisible = 0;
			defaultConfigurationName = Debug;
		};
		AE2B90E01B5E9AA9E3147EB1 /* Build configuration list for PBXProject "OpenThanks" */ = {
			isa = XCConfigurationList;
			buildConfigurations = (
				1BD1FA26BA99C9A5133B77FB /* Debug */,
				E6D75DCA2F9879785BADA2C4 /* Release */,
			);
			defaultConfigurationIsVisible = 0;
			defaultConfigurationName = Debug;
		};
/* End XCConfigurationList section */

/* Begin XCRemoteSwiftPackageReference section */
		CDBDCC94DD709CAA83FE1332 /* XCRemoteSwiftPackageReference "supabase-swift" */ = {
			isa = XCRemoteSwiftPackageReference;
			repositoryURL = "https://github.com/supabase/supabase-swift";
			requirement = {
				kind = upToNextMajorVersion;
				minimumVersion = 2.0.0;
			};
		};
/* End XCRemoteSwiftPackageReference section */

/* Begin XCSwiftPackageProductDependency section */
		0320D5FF717E6D107693552A /* Supabase */ = {
			isa = XCSwiftPackageProductDependency;
			package = CDBDCC94DD709CAA83FE1332 /* XCRemoteSwiftPackageReference "supabase-swift" */;
			productName = Supabase;
		};
/* End XCSwiftPackageProductDependency section */
	};
	rootObject = B87AECB34BE7AF44D6D91170 /* Project object */;
}
